Microsoft Visual Studio Solution File, Format Version 12.00
# Visual Studio Version 17
VisualStudioVersion = 17.2.32519.379
MinimumVisualStudioVersion = 10.0.40219.1
Project("{FAE04EC0-301F-11D3-BF4B-00C04F79EFBC}") = "Emscripten.Debugger.Definition", "Emscripten.Debugger.Definition\Emscripten.Debugger.Definition.csproj", "{66908FCE-3A52-477B-87B5-ACDE7984DE68}"
EndProject
Project("{FAE04EC0-301F-11D3-BF4B-00C04F79EFBC}") = "Emscripten.ProjectTemplate", "Emscripten.ProjectTemplate\Emscripten.ProjectTemplate.csproj", "{ABAFBE38-79B0-4E2A-8358-4B508AEA142A}"
EndProject
Project("{FAE04EC0-301F-11D3-BF4B-00C04F79EFBC}") = "Emscripten.Build.CppTasks", "Emscripten.Build.CppTasks\Emscripten.Build.CppTasks.csproj", "{9B55BA92-5129-41E5-ABF3-CFB220E1672B}"
EndProject
Project("{FAE04EC0-301F-11D3-BF4B-00C04F79EFBC}") = "Emscripten.Build.Definition", "Emscripten.Build.Definition\Emscripten.Build.Definition.csproj", "{048B183F-A4FB-4213-A9B4-7311AFBE7DD9}"
EndProject
Project("{FAE04EC0-301F-11D3-BF4B-00C04F79EFBC}") = "Emscripten.Debugger", "Emscripten.Debugger\Emscripten.Debugger.csproj", "{81F45FBA-4D90-41F4-B5DE-0E13EDA78370}"
EndProject
Project("{FAE04EC0-301F-11D3-BF4B-00C04F79EFBC}") = "Emscripten.ExtensionPack", "Emscripten.ExtensionPack\Emscripten.ExtensionPack.csproj", "{9608F800-0957-4679-AFA6-99E45DCE9034}"
EndProject
Project("{FAE04EC0-301F-11D3-BF4B-00C04F79EFBC}") = "Emscripten.Debugger.Definition.Test", "Emscripten.Debugger.Definition.Test\Emscripten.Debugger.Definition.Test.csproj", "{3067B6A0-72BF-414F-B259-0838A12FFC55}"
EndProject
Global
	GlobalSection(SolutionConfigurationPlatforms) = preSolution
		Debug|Any CPU = Debug|Any CPU
		Release|Any CPU = Release|Any CPU
	EndGlobalSection
	GlobalSection(ProjectConfigurationPlatforms) = postSolution
		{66908FCE-3A52-477B-87B5-ACDE7984DE68}.Debug|Any CPU.ActiveCfg = Debug|Any CPU
		{66908FCE-3A52-477B-87B5-ACDE7984DE68}.Debug|Any CPU.Build.0 = Debug|Any CPU
		{66908FCE-3A52-477B-87B5-ACDE7984DE68}.Release|Any CPU.ActiveCfg = Release|Any CPU
		{66908FCE-3A52-477B-87B5-ACDE7984DE68}.Release|Any CPU.Build.0 = Release|Any CPU
		{ABAFBE38-79B0-4E2A-8358-4B508AEA142A}.Debug|Any CPU.ActiveCfg = Debug|Any CPU
		{ABAFBE38-79B0-4E2A-8358-4B508AEA142A}.Debug|Any CPU.Build.0 = Debug|Any CPU
		{ABAFBE38-79B0-4E2A-8358-4B508AEA142A}.Release|Any CPU.ActiveCfg = Release|Any CPU
		{ABAFBE38-79B0-4E2A-8358-4B508AEA142A}.Release|Any CPU.Build.0 = Release|Any CPU
		{9B55BA92-5129-41E5-ABF3-CFB220E1672B}.Debug|Any CPU.ActiveCfg = Debug|Any CPU
		{9B55BA92-5129-41E5-ABF3-CFB220E1672B}.Debug|Any CPU.Build.0 = Debug|Any CPU
		{9B55BA92-5129-41E5-ABF3-CFB220E1672B}.Release|Any CPU.ActiveCfg = Release|Any CPU
		{9B55BA92-5129-41E5-ABF3-CFB220E1672B}.Release|Any CPU.Build.0 = Release|Any CPU
		{048B183F-A4FB-4213-A9B4-7311AFBE7DD9}.Debug|Any CPU.ActiveCfg = Debug|Any CPU
		{048B183F-A4FB-4213-A9B4-7311AFBE7DD9}.Debug|Any CPU.Build.0 = Debug|Any CPU
		{048B183F-A4FB-4213-A9B4-7311AFBE7DD9}.Release|Any CPU.ActiveCfg = Release|Any CPU
		{048B183F-A4FB-4213-A9B4-7311AFBE7DD9}.Release|Any CPU.Build.0 = Release|Any CPU
		{81F45FBA-4D90-41F4-B5DE-0E13EDA78370}.Debug|Any CPU.ActiveCfg = Debug|Any CPU
		{81F45FBA-4D90-41F4-B5DE-0E13EDA78370}.Debug|Any CPU.Build.0 = Debug|Any CPU
		{81F45FBA-4D90-41F4-B5DE-0E13EDA78370}.Release|Any CPU.ActiveCfg = Release|Any CPU
		{81F45FBA-4D90-41F4-B5DE-0E13EDA78370}.Release|Any CPU.Build.0 = Release|Any CPU
		{9608F800-0957-4679-AFA6-99E45DCE9034}.Debug|Any CPU.ActiveCfg = Debug|Any CPU
		{9608F800-0957-4679-AFA6-99E45DCE9034}.Debug|Any CPU.Build.0 = Debug|Any CPU
		{9608F800-0957-4679-AFA6-99E45DCE9034}.Release|Any CPU.ActiveCfg = Release|Any CPU
		{9608F800-0957-4679-AFA6-99E45DCE9034}.Release|Any CPU.Build.0 = Release|Any CPU
		{3067B6A0-72BF-414F-B259-0838A12FFC55}.Debug|Any CPU.ActiveCfg = Debug|Any CPU
		{3067B6A0-72BF-414F-B259-0838A12FFC55}.Debug|Any CPU.Build.0 = Debug|Any CPU
		{3067B6A0-72BF-414F-B259-0838A12FFC55}.Release|Any CPU.ActiveCfg = Release|Any CPU
		{3067B6A0-72BF-414F-B259-0838A12FFC55}.Release|Any CPU.Build.0 = Release|Any CPU
	EndGlobalSection
	GlobalSection(SolutionProperties) = preSolution
		HideSolutionNode = FALSE
	EndGlobalSection
	GlobalSection(ExtensibilityGlobals) = postSolution
		SolutionGuid = {09F348FC-F195-4BCC-9BBF-B817FF982228}
	EndGlobalSection
EndGlobal
